{
  "nodes": {
    "fakeapi": {
      "inputs": {
        "nixpkgs": [
          "nixpkgs"
        ]
      },
      "locked": {
        "lastModified": 1774546836,
        "narHash": "sha256-OH+HDJ2LwnVPQOJyabKwzo3mFPCuEG8JORODjEGbkds=",
        "owner": "vncsmyrnk",
        "repo": "fakeapi",
        "rev": "0e7e20a015064ba329b77a0ef3bd9fa758e9b5c6",
        "type": "github"
      },
      "original": {
        "owner": "vncsmyrnk",
        "repo": "fakeapi",
        "type": "github"
      }
    },
    "nixpkgs": {
      "locked": {
        "lastModified": 1774386573,
        "narHash": "sha256-4hAV26quOxdC6iyG7kYaZcM3VOskcPUrdCQd/nx8obc=",
        "owner": "NixOS",
        "repo": "nixpkgs",
        "rev": "46db2e09e1d3f113a13c0d7b81e2f221c63b8ce9",
        "type": "github"
      },
      "original": {
        "owner": "NixOS",
        "ref": "nixos-unstable",
        "repo": "nixpkgs",
        "type": "github"
      }
    },
    "root": {
      "inputs": {
        "fakeapi": "fakeapi",
        "nixpkgs": "nixpkgs",
        "shell-utils": "shell-utils"
      }
    },
    "shell-utils": {
      "inputs": {
        "nixpkgs": [
          "nixpkgs"
        ]
      },
      "locked": {
        "lastModified": 1774609936,
        "narHash": "sha256-JvPvU72k1+3xV+gMZQG1WIpKtFw3Sr6Lq3yl1wMQg5w=",
        "owner": "vncsmyrnk",
        "repo": "shell-utils",
        "rev": "03c73302eb826bf89a1c825f4e6d50ad03729dde",
        "type": "github"
      },
      "original": {
        "owner": "vncsmyrnk",
        "repo": "shell-utils",
        "type": "github"
      }
    }
  },
  "root": "root",
  "version": 7
}
