{
  "nodes": {
    "fakeapi": {
      "inputs": {
        "nixpkgs": [
          "nixpkgs"
        ]
      },
      "locked": {
        "lastModified": 1774612787,
        "narHash": "sha256-4Ibi5pweEs/lN2GeCu6zR4YXqEzF+gTqtWiOL4iS4CA=",
        "owner": "vncsmyrnk",
        "repo": "fakeapi",
        "rev": "6a0f79477318eb3f4f4c5a68a9e9d2451b0376c0",
        "type": "github"
      },
      "original": {
        "owner": "vncsmyrnk",
        "repo": "fakeapi",
        "type": "github"
      }
    },
    "nixpkgs": {
      "locked": {
        "lastModified": 1774709303,
        "narHash": "sha256-D3Q07BbIA2KnTcSXIqqu9P586uWxN74zNoCH3h2ESHg=",
        "owner": "NixOS",
        "repo": "nixpkgs",
        "rev": "8110df5ad7abf5d4c0f6fb0f8f978390e77f9685",
        "type": "github"
      },
      "original": {
        "owner": "NixOS",
        "ref": "nixos-unstable",
        "repo": "nixpkgs",
        "type": "github"
      }
    },
    "root": {
      "inputs": {
        "fakeapi": "fakeapi",
        "nixpkgs": "nixpkgs",
        "shell-utils": "shell-utils"
      }
    },
    "shell-utils": {
      "inputs": {
        "nixpkgs": [
          "nixpkgs"
        ]
      },
      "locked": {
        "lastModified": 1774964332,
        "narHash": "sha256-jRihFdzNAI9nqwHCK26J+zmcoKsV0C8LlHlAr3hZfYg=",
        "owner": "vncsmyrnk",
        "repo": "shell-utils",
        "rev": "27847f0958f83afc878298b5f297eff8f97cba7c",
        "type": "github"
      },
      "original": {
        "owner": "vncsmyrnk",
        "repo": "shell-utils",
        "type": "github"
      }
    }
  },
  "root": "root",
  "version": 7
}
