{
  "nodes": {
    "fakeapi": {
      "inputs": {
        "nixpkgs": [
          "nixpkgs"
        ]
      },
      "locked": {
        "lastModified": 1774612787,
        "narHash": "sha256-4Ibi5pweEs/lN2GeCu6zR4YXqEzF+gTqtWiOL4iS4CA=",
        "owner": "vncsmyrnk",
        "repo": "fakeapi",
        "rev": "6a0f79477318eb3f4f4c5a68a9e9d2451b0376c0",
        "type": "github"
      },
      "original": {
        "owner": "vncsmyrnk",
        "repo": "fakeapi",
        "type": "github"
      }
    },
    "nixpkgs": {
      "locked": {
        "lastModified": 1774386573,
        "narHash": "sha256-4hAV26quOxdC6iyG7kYaZcM3VOskcPUrdCQd/nx8obc=",
        "owner": "NixOS",
        "repo": "nixpkgs",
        "rev": "46db2e09e1d3f113a13c0d7b81e2f221c63b8ce9",
        "type": "github"
      },
      "original": {
        "owner": "NixOS",
        "ref": "nixos-unstable",
        "repo": "nixpkgs",
        "type": "github"
      }
    },
    "root": {
      "inputs": {
        "fakeapi": "fakeapi",
        "nixpkgs": "nixpkgs",
        "shell-utils": "shell-utils"
      }
    },
    "shell-utils": {
      "inputs": {
        "nixpkgs": [
          "nixpkgs"
        ]
      },
      "locked": {
        "lastModified": 1774659971,
        "narHash": "sha256-/FCjBVJpaPRgnYwT4lwRbEliByZA65TGlKSJoFu6+C4=",
        "owner": "vncsmyrnk",
        "repo": "shell-utils",
        "rev": "4453504e1fe87c64a6ec4da53a4eaa1b617981fd",
        "type": "github"
      },
      "original": {
        "owner": "vncsmyrnk",
        "repo": "shell-utils",
        "type": "github"
      }
    }
  },
  "root": "root",
  "version": 7
}
